
Microsoft Visual Studio Solution File, Format Version 12.00
# Visual Studio Version 17
VisualStudioVersion = 17.12.35707.178
MinimumVisualStudioVersion = 10.0.40219.1
Project("{2150E333-8FDC-42A3-9474-1A3956D46DE8}") = "Services", "Services", "{D00C5861-F483-489F-9EFF-F21348AB90BA}"
EndProject
Project("{2150E333-8FDC-42A3-9474-1A3956D46DE8}") = "Catalog", "Catalog", "{C3A5FA88-9869-4808-9144-748B57A46523}"
EndProject
Project("{FAE04EC0-301F-11D3-BF4B-00C04F79EFBC}") = "eCommerce.Catalog", "Services\Catalog\eCommerce.Catalog\eCommerce.Catalog.csproj", "{454E3357-ED1E-44F9-9A2A-0119EAC35D74}"
EndProject
Project("{2150E333-8FDC-42A3-9474-1A3956D46DE8}") = "Discount", "Discount", "{02EA681E-C7D8-13C7-8484-4AC65E1B71E8}"
EndProject
Project("{FAE04EC0-301F-11D3-BF4B-00C04F79EFBC}") = "eCommerce.Discount", "Services\Discount\eCommerce.Discount\eCommerce.Discount.csproj", "{6A67E59C-99A6-4099-A36A-7C2ED96BD7C4}"
EndProject
Project("{2150E333-8FDC-42A3-9474-1A3956D46DE8}") = "Order", "Order", "{200A5275-CBBC-41C1-85E6-A561F3F8018C}"
EndProject
Project("{2150E333-8FDC-42A3-9474-1A3956D46DE8}") = "Core", "Core", "{EC957B2D-25E2-4342-BF18-B937622072BD}"
EndProject
Project("{2150E333-8FDC-42A3-9474-1A3956D46DE8}") = "Infrastructure", "Infrastructure", "{DADCBFF0-1919-43ED-86A3-D2818DA6CAF7}"
EndProject
Project("{2150E333-8FDC-42A3-9474-1A3956D46DE8}") = "Presentation", "Presentation", "{B636B8CC-2D0F-45F9-AF25-5941180134B9}"
EndProject
Project("{FAE04EC0-301F-11D3-BF4B-00C04F79EFBC}") = "eCommerce.Order.Domain", "Services\Order\Core\eCommerce.Order.Domain\eCommerce.Order.Domain.csproj", "{310FE07B-2713-4A27-B95E-063E9D73BD79}"
EndProject
Project("{FAE04EC0-301F-11D3-BF4B-00C04F79EFBC}") = "eCommerce.Order.Application", "Services\Order\Core\eCommerce.Order.Application\eCommerce.Order.Application.csproj", "{514C48D3-920C-4BF6-9BC6-437A1CF60BDF}"
EndProject
Project("{FAE04EC0-301F-11D3-BF4B-00C04F79EFBC}") = "eCommerce.Order.Persistence", "Services\Order\Infrastructure\eCommerce.Order.Persistence\eCommerce.Order.Persistence.csproj", "{03132A52-C037-40C3-A10E-991D89BB7F4B}"
EndProject
Project("{FAE04EC0-301F-11D3-BF4B-00C04F79EFBC}") = "eCommerce.Order.WebApi", "Services\Order\Presentation\eCommerce.Order.WebApi\eCommerce.Order.WebApi.csproj", "{3EBE6E09-19F5-4F5B-85EC-B4FCA1DF2357}"
EndProject
Global
	GlobalSection(SolutionConfigurationPlatforms) = preSolution
		Debug|Any CPU = Debug|Any CPU
		Release|Any CPU = Release|Any CPU
	EndGlobalSection
	GlobalSection(ProjectConfigurationPlatforms) = postSolution
		{454E3357-ED1E-44F9-9A2A-0119EAC35D74}.Debug|Any CPU.ActiveCfg = Debug|Any CPU
		{454E3357-ED1E-44F9-9A2A-0119EAC35D74}.Debug|Any CPU.Build.0 = Debug|Any CPU
		{454E3357-ED1E-44F9-9A2A-0119EAC35D74}.Release|Any CPU.ActiveCfg = Release|Any CPU
		{454E3357-ED1E-44F9-9A2A-0119EAC35D74}.Release|Any CPU.Build.0 = Release|Any CPU
		{6A67E59C-99A6-4099-A36A-7C2ED96BD7C4}.Debug|Any CPU.ActiveCfg = Debug|Any CPU
		{6A67E59C-99A6-4099-A36A-7C2ED96BD7C4}.Debug|Any CPU.Build.0 = Debug|Any CPU
		{6A67E59C-99A6-4099-A36A-7C2ED96BD7C4}.Release|Any CPU.ActiveCfg = Release|Any CPU
		{6A67E59C-99A6-4099-A36A-7C2ED96BD7C4}.Release|Any CPU.Build.0 = Release|Any CPU
		{310FE07B-2713-4A27-B95E-063E9D73BD79}.Debug|Any CPU.ActiveCfg = Debug|Any CPU
		{310FE07B-2713-4A27-B95E-063E9D73BD79}.Debug|Any CPU.Build.0 = Debug|Any CPU
		{310FE07B-2713-4A27-B95E-063E9D73BD79}.Release|Any CPU.ActiveCfg = Release|Any CPU
		{310FE07B-2713-4A27-B95E-063E9D73BD79}.Release|Any CPU.Build.0 = Release|Any CPU
		{514C48D3-920C-4BF6-9BC6-437A1CF60BDF}.Debug|Any CPU.ActiveCfg = Debug|Any CPU
		{514C48D3-920C-4BF6-9BC6-437A1CF60BDF}.Debug|Any CPU.Build.0 = Debug|Any CPU
		{514C48D3-920C-4BF6-9BC6-437A1CF60BDF}.Release|Any CPU.ActiveCfg = Release|Any CPU
		{514C48D3-920C-4BF6-9BC6-437A1CF60BDF}.Release|Any CPU.Build.0 = Release|Any CPU
		{03132A52-C037-40C3-A10E-991D89BB7F4B}.Debug|Any CPU.ActiveCfg = Debug|Any CPU
		{03132A52-C037-40C3-A10E-991D89BB7F4B}.Debug|Any CPU.Build.0 = Debug|Any CPU
		{03132A52-C037-40C3-A10E-991D89BB7F4B}.Release|Any CPU.ActiveCfg = Release|Any CPU
		{03132A52-C037-40C3-A10E-991D89BB7F4B}.Release|Any CPU.Build.0 = Release|Any CPU
		{3EBE6E09-19F5-4F5B-85EC-B4FCA1DF2357}.Debug|Any CPU.ActiveCfg = Debug|Any CPU
		{3EBE6E09-19F5-4F5B-85EC-B4FCA1DF2357}.Debug|Any CPU.Build.0 = Debug|Any CPU
		{3EBE6E09-19F5-4F5B-85EC-B4FCA1DF2357}.Release|Any CPU.ActiveCfg = Release|Any CPU
		{3EBE6E09-19F5-4F5B-85EC-B4FCA1DF2357}.Release|Any CPU.Build.0 = Release|Any CPU
	EndGlobalSection
	GlobalSection(SolutionProperties) = preSolution
		HideSolutionNode = FALSE
	EndGlobalSection
	GlobalSection(NestedProjects) = preSolution
		{C3A5FA88-9869-4808-9144-748B57A46523} = {D00C5861-F483-489F-9EFF-F21348AB90BA}
		{454E3357-ED1E-44F9-9A2A-0119EAC35D74} = {C3A5FA88-9869-4808-9144-748B57A46523}
		{02EA681E-C7D8-13C7-8484-4AC65E1B71E8} = {D00C5861-F483-489F-9EFF-F21348AB90BA}
		{6A67E59C-99A6-4099-A36A-7C2ED96BD7C4} = {02EA681E-C7D8-13C7-8484-4AC65E1B71E8}
		{200A5275-CBBC-41C1-85E6-A561F3F8018C} = {D00C5861-F483-489F-9EFF-F21348AB90BA}
		{EC957B2D-25E2-4342-BF18-B937622072BD} = {200A5275-CBBC-41C1-85E6-A561F3F8018C}
		{DADCBFF0-1919-43ED-86A3-D2818DA6CAF7} = {200A5275-CBBC-41C1-85E6-A561F3F8018C}
		{B636B8CC-2D0F-45F9-AF25-5941180134B9} = {200A5275-CBBC-41C1-85E6-A561F3F8018C}
		{310FE07B-2713-4A27-B95E-063E9D73BD79} = {EC957B2D-25E2-4342-BF18-B937622072BD}
		{514C48D3-920C-4BF6-9BC6-437A1CF60BDF} = {EC957B2D-25E2-4342-BF18-B937622072BD}
		{03132A52-C037-40C3-A10E-991D89BB7F4B} = {DADCBFF0-1919-43ED-86A3-D2818DA6CAF7}
		{3EBE6E09-19F5-4F5B-85EC-B4FCA1DF2357} = {B636B8CC-2D0F-45F9-AF25-5941180134B9}
	EndGlobalSection
	GlobalSection(ExtensibilityGlobals) = postSolution
		SolutionGuid = {71A80DC8-7DA4-4409-B4BF-1339286D3D71}
	EndGlobalSection
EndGlobal
